// !$*UTF8*$!
{
	archiveVersion = 1;
	classes = {
	};
	objectVersion = 50;
	objects = {

/* Begin PBXBuildFile section */
		3F04B7AC219BDFC900FBE340 /* AlphabetController.swift in Sources */ = {isa = PBXBuildFile; fileRef = 3F04B7AB219BDFC900FBE340 /* AlphabetController.swift */; };
		3F04B7AE219BE3F700FBE340 /* DataAlphabet.swift in Sources */ = {isa = PBXBuildFile; fileRef = 3F04B7AD219BE3F700FBE340 /* DataAlphabet.swift */; };
		3F2F8C30219C906300365B27 /* LetterViewController.swift in Sources */ = {isa = PBXBuildFile; fileRef = 3F2F8C2F219C906300365B27 /* LetterViewController.swift */; };
		3F2F8C32219D19E800365B27 /* NumberController.swift in Sources */ = {isa = PBXBuildFile; fileRef = 3F2F8C31219D19E800365B27 /* NumberController.swift */; };
		3F2F8C34219D262300365B27 /* NumberViewController.swift in Sources */ = {isa = PBXBuildFile; fileRef = 3F2F8C33219D262300365B27 /* NumberViewController.swift */; };
		3F4FE984219B24EB0073B1B0 /* AppDelegate.swift in Sources */ = {isa = PBXBuildFile; fileRef = 3F4FE983219B24EB0073B1B0 /* AppDelegate.swift */; };
		3F4FE986219B24EB0073B1B0 /* ViewController.swift in Sources */ = {isa = PBXBuildFile; fileRef = 3F4FE985219B24EB0073B1B0 /* ViewController.swift */; };
		3F4FE989219B24EB0073B1B0 /* Main.storyboard in Resources */ = {isa = PBXBuildFile; fileRef = 3F4FE987219B24EB0073B1B0 /* Main.storyboard */; };
		3F4FE98B219B24EC0073B1B0 /* Assets.xcassets in Resources */ = {isa = PBXBuildFile; fileRef = 3F4FE98A219B24EC0073B1B0 /* Assets.xcassets */; };
		3F4FE98E219B24EC0073B1B0 /* LaunchScreen.storyboard in Resources */ = {isa = PBXBuildFile; fileRef = 3F4FE98C219B24EC0073B1B0 /* LaunchScreen.storyboard */; };
		AC0E87ED21A4C12600362E46 /* TimeController.swift in Sources */ = {isa = PBXBuildFile; fileRef = AC0E87EC21A4C12600362E46 /* TimeController.swift */; };
		AC0E87EF21A4C6D300362E46 /* Presentation.swift in Sources */ = {isa = PBXBuildFile; fileRef = AC0E87EE21A4C6D300362E46 /* Presentation.swift */; };
/* End PBXBuildFile section */

/* Begin PBXFileReference section */
		3F04B7AB219BDFC900FBE340 /* AlphabetController.swift */ = {isa = PBXFileReference; lastKnownFileType = sourcecode.swift; path = AlphabetController.swift; sourceTree = "<group>"; };
		3F04B7AD219BE3F700FBE340 /* DataAlphabet.swift */ = {isa = PBXFileReference; lastKnownFileType = sourcecode.swift; path = DataAlphabet.swift; sourceTree = "<group>"; };
		3F2F8C2F219C906300365B27 /* LetterViewController.swift */ = {isa = PBXFileReference; lastKnownFileType = sourcecode.swift; path = LetterViewController.swift; sourceTree = "<group>"; };
		3F2F8C31219D19E800365B27 /* NumberController.swift */ = {isa = PBXFileReference; lastKnownFileType = sourcecode.swift; path = NumberController.swift; sourceTree = "<group>"; };
		3F2F8C33219D262300365B27 /* NumberViewController.swift */ = {isa = PBXFileReference; lastKnownFileType = sourcecode.swift; path = NumberViewController.swift; sourceTree = "<group>"; };
		3F4FE980219B24EB0073B1B0 /* PF.app */ = {isa = PBXFileReference; explicitFileType = wrapper.application; includeInIndex = 0; path = PF.app; sourceTree = BUILT_PRODUCTS_DIR; };
		3F4FE983219B24EB0073B1B0 /* AppDelegate.swift */ = {isa = PBXFileReference; lastKnownFileType = sourcecode.swift; path = AppDelegate.swift; sourceTree = "<group>"; };
		3F4FE985219B24EB0073B1B0 /* ViewController.swift */ = {isa = PBXFileReference; lastKnownFileType = sourcecode.swift; path = ViewController.swift; sourceTree = "<group>"; };
		3F4FE988219B24EB0073B1B0 /* Base */ = {isa = PBXFileReference; lastKnownFileType = file.storyboard; name = Base; path = Base.lproj/Main.storyboard; sourceTree = "<group>"; };
		3F4FE98A219B24EC0073B1B0 /* Assets.xcassets */ = {isa = PBXFileReference; lastKnownFileType = folder.assetcatalog; path = Assets.xcassets; sourceTree = "<group>"; };
		3F4FE98D219B24EC0073B1B0 /* Base */ = {isa = PBXFileReference; lastKnownFileType = file.storyboard; name = Base; path = Base.lproj/LaunchScreen.storyboard; sourceTree = "<group>"; };
		3F4FE98F219B24EC0073B1B0 /* Info.plist */ = {isa = PBXFileReference; lastKnownFileType = text.plist.xml; path = Info.plist; sourceTree = "<group>"; };
		AC0E87EC21A4C12600362E46 /* TimeController.swift */ = {isa = PBXFileReference; lastKnownFileType = sourcecode.swift; path = TimeController.swift; sourceTree = "<group>"; };
		AC0E87EE21A4C6D300362E46 /* Presentation.swift */ = {isa = PBXFileReference; lastKnownFileType = sourcecode.swift; path = Presentation.swift; sourceTree = "<group>"; };
/* End PBXFileReference section */

/* Begin PBXFrameworksBuildPhase section */
		3F4FE97D219B24EB0073B1B0 /* Frameworks */ = {
			isa = PBXFrameworksBuildPhase;
			buildActionMask = 2147483647;
			files = (
			);
			runOnlyForDeploymentPostprocessing = 0;
		};
/* End PBXFrameworksBuildPhase section */

/* Begin PBXGroup section */
		3F4FE977219B24EB0073B1B0 = {
			isa = PBXGroup;
			children = (
				3F4FE982219B24EB0073B1B0 /* PF */,
				3F4FE981219B24EB0073B1B0 /* Products */,
			);
			sourceTree = "<group>";
		};
		3F4FE981219B24EB0073B1B0 /* Products */ = {
			isa = PBXGroup;
			children = (
				3F4FE980219B24EB0073B1B0 /* PF.app */,
			);
			name = Products;
			sourceTree = "<group>";
		};
		3F4FE982219B24EB0073B1B0 /* PF */ = {
			isa = PBXGroup;
			children = (
				3F4FE983219B24EB0073B1B0 /* AppDelegate.swift */,
				3F4FE985219B24EB0073B1B0 /* ViewController.swift */,
				3F4FE987219B24EB0073B1B0 /* Main.storyboard */,
				3F4FE98A219B24EC0073B1B0 /* Assets.xcassets */,
				3F4FE98C219B24EC0073B1B0 /* LaunchScreen.storyboard */,
				3F4FE98F219B24EC0073B1B0 /* Info.plist */,
				3F04B7AB219BDFC900FBE340 /* AlphabetController.swift */,
				3F04B7AD219BE3F700FBE340 /* DataAlphabet.swift */,
				3F2F8C2F219C906300365B27 /* LetterViewController.swift */,
				3F2F8C31219D19E800365B27 /* NumberController.swift */,
				3F2F8C33219D262300365B27 /* NumberViewController.swift */,
				AC0E87EC21A4C12600362E46 /* TimeController.swift */,
				AC0E87EE21A4C6D300362E46 /* Presentation.swift */,
			);
			path = PF;
			sourceTree = "<group>";
		};
/* End PBXGroup section */

/* Begin PBXNativeTarget section */
		3F4FE97F219B24EB0073B1B0 /* PF */ = {
			isa = PBXNativeTarget;
			buildConfigurationList = 3F4FE992219B24EC0073B1B0 /* Build configuration list for PBXNativeTarget "PF" */;
			buildPhases = (
				3F4FE97C219B24EB0073B1B0 /* Sources */,
				3F4FE97D219B24EB0073B1B0 /* Frameworks */,
				3F4FE97E219B24EB0073B1B0 /* Resources */,
			);
			buildRules = (
			);
			dependencies = (
			);
			name = PF;
			productName = PF;
			productReference = 3F4FE980219B24EB0073B1B0 /* PF.app */;
			productType = "com.apple.product-type.application";
		};
/* End PBXNativeTarget section */

/* Begin PBXProject section */
		3F4FE978219B24EB0073B1B0 /* Project object */ = {
			isa = PBXProject;
			attributes = {
				LastSwiftUpdateCheck = 1000;
				LastUpgradeCheck = 1000;
				ORGANIZATIONNAME = "Martínez Mendoza Aarón, Lopez Ceciliano Brett Antonio";
				TargetAttributes = {
					3F4FE97F219B24EB0073B1B0 = {
						CreatedOnToolsVersion = 10.0;
					};
				};
			};
			buildConfigurationList = 3F4FE97B219B24EB0073B1B0 /* Build configuration list for PBXProject "PF" */;
			compatibilityVersion = "Xcode 9.3";
			developmentRegion = en;
			hasScannedForEncodings = 0;
			knownRegions = (
				en,
				Base,
			);
			mainGroup = 3F4FE977219B24EB0073B1B0;
			productRefGroup = 3F4FE981219B24EB0073B1B0 /* Products */;
			projectDirPath = "";
			projectRoot = "";
			targets = (
				3F4FE97F219B24EB0073B1B0 /* PF */,
			);
		};
/* End PBXProject section */

/* Begin PBXResourcesBuildPhase section */
		3F4FE97E219B24EB0073B1B0 /* Resources */ = {
			isa = PBXResourcesBuildPhase;
			buildActionMask = 2147483647;
			files = (
				3F4FE98E219B24EC0073B1B0 /* LaunchScreen.storyboard in Resources */,
				3F4FE98B219B24EC0073B1B0 /* Assets.xcassets in Resources */,
				3F4FE989219B24EB0073B1B0 /* Main.storyboard in Resources */,
			);
			runOnlyForDeploymentPostprocessing = 0;
		};
/* End PBXResourcesBuildPhase section */

/* Begin PBXSourcesBuildPhase section */
		3F4FE97C219B24EB0073B1B0 /* Sources */ = {
			isa = PBXSourcesBuildPhase;
			buildActionMask = 2147483647;
			files = (
				3F04B7AE219BE3F700FBE340 /* DataAlphabet.swift in Sources */,
				AC0E87EF21A4C6D300362E46 /* Presentation.swift in Sources */,
				3F2F8C30219C906300365B27 /* LetterViewController.swift in Sources */,
				AC0E87ED21A4C12600362E46 /* TimeController.swift in Sources */,
				3F2F8C32219D19E800365B27 /* NumberController.swift in Sources */,
				3F4FE986219B24EB0073B1B0 /* ViewController.swift in Sources */,
				3F04B7AC219BDFC900FBE340 /* AlphabetController.swift in Sources */,
				3F4FE984219B24EB0073B1B0 /* AppDelegate.swift in Sources */,
				3F2F8C34219D262300365B27 /* NumberViewController.swift in Sources */,
			);
			runOnlyForDeploymentPostprocessing = 0;
		};
/* End PBXSourcesBuildPhase section */

/* Begin PBXVariantGroup section */
		3F4FE987219B24EB0073B1B0 /* Main.storyboard */ = {
			isa = PBXVariantGroup;
			children = (
				3F4FE988219B24EB0073B1B0 /* Base */,
			);
			name = Main.storyboard;
			sourceTree = "<group>";
		};
		3F4FE98C219B24EC0073B1B0 /* LaunchScreen.storyboard */ = {
			isa = PBXVariantGroup;
			children = (
				3F4FE98D219B24EC0073B1B0 /* Base */,
			);
			name = LaunchScreen.storyboard;
			sourceTree = "<group>";
		};
/* End PBXVariantGroup section */

/* Begin XCBuildConfiguration section */
		3F4FE990219B24EC0073B1B0 /* Debug */ = {
			isa = XCBuildConfiguration;
			buildSettings = {
				ALWAYS_SEARCH_USER_PATHS = NO;
				CLANG_ANALYZER_NONNULL = YES;
				CLANG_ANALYZER_NUMBER_OBJECT_CONVERSION = YES_AGGRESSIVE;
				CLANG_CXX_LANGUAGE_STANDARD = "gnu++14";
				CLANG_CXX_LIBRARY = "libc++";
				CLANG_ENABLE_MODULES = YES;
				CLANG_ENABLE_OBJC_ARC = YES;
				CLANG_ENABLE_OBJC_WEAK = YES;
				CLANG_WARN_BLOCK_CAPTURE_AUTORELEASING = YES;
				CLANG_WARN_BOOL_CONVERSION = YES;
				CLANG_WARN_COMMA = YES;
				CLANG_WARN_CONSTANT_CONVERSION = YES;
				CLANG_WARN_DEPRECATED_OBJC_IMPLEMENTATIONS = YES;
				CLANG_WARN_DIRECT_OBJC_ISA_USAGE = YES_ERROR;
				CLANG_WARN_DOCUMENTATION_COMMENTS = YES;
				CLANG_WARN_EMPTY_BODY = YES;
				CLANG_WARN_ENUM_CONVERSION = YES;
				CLANG_WARN_INFINITE_RECURSION = YES;
				CLANG_WARN_INT_CONVERSION = YES;
				CLANG_WARN_NON_LITERAL_NULL_CONVERSION = YES;
				CLANG_WARN_OBJC_IMPLICIT_RETAIN_SELF = YES;
				CLANG_WARN_OBJC_LITERAL_CONVERSION = YES;
				CLANG_WARN_OBJC_ROOT_CLASS = YES_ERROR;
				CLANG_WARN_RANGE_LOOP_ANALYSIS = YES;
				CLANG_WARN_STRICT_PROTOTYPES = YES;
				CLANG_WARN_SUSPICIOUS_MOVE = YES;
				CLANG_WARN_UNGUARDED_AVAILABILITY = YES_AGGRESSIVE;
				CLANG_WARN_UNREACHABLE_CODE = YES;
				CLANG_WARN__DUPLICATE_METHOD_MATCH = YES;
				CODE_SIGN_IDENTITY = "iPhone Developer";
				COPY_PHASE_STRIP = NO;
				DEBUG_INFORMATION_FORMAT = dwarf;
				ENABLE_STRICT_OBJC_MSGSEND = YES;
				ENABLE_TESTABILITY = YES;
				GCC_C_LANGUAGE_STANDARD = gnu11;
				GCC_DYNAMIC_NO_PIC = NO;
				GCC_NO_COMMON_BLOCKS = YES;
				GCC_OPTIMIZATION_LEVEL = 0;
				GCC_PREPROCESSOR_DEFINITIONS = (
					"DEBUG=1",
					"$(inherited)",
				);
				GCC_WARN_64_TO_32_BIT_CONVERSION = YES;
				GCC_WARN_ABOUT_RETURN_TYPE = YES_ERROR;
				GCC_WARN_UNDECLARED_SELECTOR = YES;
				GCC_WARN_UNINITIALIZED_AUTOS = YES_AGGRESSIVE;
				GCC_WARN_UNUSED_FUNCTION = YES;
				GCC_WARN_UNUSED_VARIABLE = YES;
				IPHONEOS_DEPLOYMENT_TARGET = 12.0;
				MTL_ENABLE_DEBUG_INFO = INCLUDE_SOURCE;
				MTL_FAST_MATH = YES;
				ONLY_ACTIVE_ARCH = YES;
				SDKROOT = iphoneos;
				SWIFT_ACTIVE_COMPILATION_CONDITIONS = DEBUG;
				SWIFT_OPTIMIZATION_LEVEL = "-Onone";
			};
			name = Debug;
		};
		3F4FE991219B24EC0073B1B0 /* Release */ = {
			isa = XCBuildConfiguration;
			buildSettings = {
				ALWAYS_SEARCH_USER_PATHS = NO;
				CLANG_ANALYZER_NONNULL = YES;
				CLANG_ANALYZER_NUMBER_OBJECT_CONVERSION = YES_AGGRESSIVE;
				CLANG_CXX_LANGUAGE_STANDARD = "gnu++14";
				CLANG_CXX_LIBRARY = "libc++";
				CLANG_ENABLE_MODULES = YES;
				CLANG_ENABLE_OBJC_ARC = YES;
				CLANG_ENABLE_OBJC_WEAK = YES;
				CLANG_WARN_BLOCK_CAPTURE_AUTORELEASING = YES;
				CLANG_WARN_BOOL_CONVERSION = YES;
				CLANG_WARN_COMMA = YES;
				CLANG_WARN_CONSTANT_CONVERSION = YES;
				CLANG_WARN_DEPRECATED_OBJC_IMPLEMENTATIONS = YES;
				CLANG_WARN_DIRECT_OBJC_ISA_USAGE = YES_ERROR;
				CLANG_WARN_DOCUMENTATION_COMMENTS = YES;
				CLANG_WARN_EMPTY_BODY = YES;
				CLANG_WARN_ENUM_CONVERSION = YES;
				CLANG_WARN_INFINITE_RECURSION = YES;
				CLANG_WARN_INT_CONVERSION = YES;
				CLANG_WARN_NON_LITERAL_NULL_CONVERSION = YES;
				CLANG_WARN_OBJC_IMPLICIT_RETAIN_SELF = YES;
				CLANG_WARN_OBJC_LITERAL_CONVERSION = YES;
				CLANG_WARN_OBJC_ROOT_CLASS = YES_ERROR;
				CLANG_WARN_RANGE_LOOP_ANALYSIS = YES;
				CLANG_WARN_STRICT_PROTOTYPES = YES;
				CLANG_WARN_SUSPICIOUS_MOVE = YES;
				CLANG_WARN_UNGUARDED_AVAILABILITY = YES_AGGRESSIVE;
				CLANG_WARN_UNREACHABLE_CODE = YES;
				CLANG_WARN__DUPLICATE_METHOD_MATCH = YES;
				CODE_SIGN_IDENTITY = "iPhone Developer";
				COPY_PHASE_STRIP = NO;
				DEBUG_INFORMATION_FORMAT = "dwarf-with-dsym";
				ENABLE_NS_ASSERTIONS = NO;
				ENABLE_STRICT_OBJC_MSGSEND = YES;
				GCC_C_LANGUAGE_STANDARD = gnu11;
				GCC_NO_COMMON_BLOCKS = YES;
				GCC_WARN_64_TO_32_BIT_CONVERSION = YES;
				GCC_WARN_ABOUT_RETURN_TYPE = YES_ERROR;
				GCC_WARN_UNDECLARED_SELECTOR = YES;
				GCC_WARN_UNINITIALIZED_AUTOS = YES_AGGRESSIVE;
				GCC_WARN_UNUSED_FUNCTION = YES;
				GCC_WARN_UNUSED_VARIABLE = YES;
				IPHONEOS_DEPLOYMENT_TARGET = 12.0;
				MTL_ENABLE_DEBUG_INFO = NO;
				MTL_FAST_MATH = YES;
				SDKROOT = iphoneos;
				SWIFT_COMPILATION_MODE = wholemodule;
				SWIFT_OPTIMIZATION_LEVEL = "-O";
				VALIDATE_PRODUCT = YES;
			};
			name = Release;
		};
		3F4FE993219B24EC0073B1B0 /* Debug */ = {
			isa = XCBuildConfiguration;
			buildSettings = {
				ASSETCATALOG_COMPILER_APPICON_NAME = AppIcon;
				CODE_SIGN_STYLE = Automatic;
				INFOPLIST_FILE = PF/Info.plist;
				IPHONEOS_DEPLOYMENT_TARGET = 11.3;
				LD_RUNPATH_SEARCH_PATHS = (
					"$(inherited)",
					"@executable_path/Frameworks",
				);
				PRODUCT_BUNDLE_IDENTIFIER = MPOO4.PF;
				PRODUCT_NAME = "$(TARGET_NAME)";
				SWIFT_VERSION = 4.2;
				TARGETED_DEVICE_FAMILY = "1,2";
			};
			name = Debug;
		};
		3F4FE994219B24EC0073B1B0 /* Release */ = {
			isa = XCBuildConfiguration;
			buildSettings = {
				ASSETCATALOG_COMPILER_APPICON_NAME = AppIcon;
				CODE_SIGN_STYLE = Automatic;
				INFOPLIST_FILE = PF/Info.plist;
				IPHONEOS_DEPLOYMENT_TARGET = 11.3;
				LD_RUNPATH_SEARCH_PATHS = (
					"$(inherited)",
					"@executable_path/Frameworks",
				);
				PRODUCT_BUNDLE_IDENTIFIER = MPOO4.PF;
				PRODUCT_NAME = "$(TARGET_NAME)";
				SWIFT_VERSION = 4.2;
				TARGETED_DEVICE_FAMILY = "1,2";
			};
			name = Release;
		};
/* End XCBuildConfiguration section */

/* Begin XCConfigurationList section */
		3F4FE97B219B24EB0073B1B0 /* Build configuration list for PBXProject "PF" */ = {
			isa = XCConfigurationList;
			buildConfigurations = (
				3F4FE990219B24EC0073B1B0 /* Debug */,
				3F4FE991219B24EC0073B1B0 /* Release */,
			);
			defaultConfigurationIsVisible = 0;
			defaultConfigurationName = Release;
		};
		3F4FE992219B24EC0073B1B0 /* Build configuration list for PBXNativeTarget "PF" */ = {
			isa = XCConfigurationList;
			buildConfigurations = (
				3F4FE993219B24EC0073B1B0 /* Debug */,
				3F4FE994219B24EC0073B1B0 /* Release */,
			);
			defaultConfigurationIsVisible = 0;
			defaultConfigurationName = Release;
		};
/* End XCConfigurationList section */
	};
	rootObject = 3F4FE978219B24EB0073B1B0 /* Project object */;
}
